{
  "name": "spectral-reflectance",
  "version": "1.0.0",
  "lockfileVersion": 1,
  "requires": true,
  "dependencies": {
    "@types/node": {
      "version": "9.6.55",
      "resolved": "https://registry.npmjs.org/@types/node/-/node-9.6.55.tgz",
      "integrity": "sha512-e/5tg8Ok0gSrN6pvHphnwTK0/CD9VPZrtZqpvvpEFAtfs+ZntusgGaWkf2lSEq1OFe2EDPeUMiMVpy4nZpJ4AQ==",
      "dev": true
    },
    "csv-parse": {
      "version": "4.8.8",
      "resolved": "https://registry.npmjs.org/csv-parse/-/csv-parse-4.8.8.tgz",
      "integrity": "sha512-Kv3Ilz2GV58dOoHBXRCTF8ijxlLjl80bG3d67XPI6DNqffb3AnbPbKr/WvCUMJq5V0AZYi6sukOaOQAVpfuVbg=="
    },
    "ts-option": {
      "version": "1.1.5",
      "resolved": "https://registry.npmjs.org/ts-option/-/ts-option-1.1.5.tgz",
      "integrity": "sha512-oHa+BgcQJsctFFegNpjL6P+PbsUi4oHifyTq158yLmx1LSgGMi1v7I3sCkwatvT3tmJQQAkxaP7lPC+m93BQXg=="
    },
    "typescript": {
      "version": "2.9.2",
      "resolved": "https://registry.npmjs.org/typescript/-/typescript-2.9.2.tgz",
      "integrity": "sha512-Gr4p6nFNaoufRIY4NMdpQRNmgxVIGMs4Fcu/ujdYk3nAZqk7supzBE9idmvfZIlH/Cuj//dvi+019qEue9lV0w==",
      "dev": true
    }
  }
}
